
Microsoft Visual Studio Solution File, Format Version 12.00
# Visual Studio Version 17
VisualStudioVersion = 17.8.34525.116
MinimumVisualStudioVersion = 10.0.40219.1
Project("{FAE04EC0-301F-11D3-BF4B-00C04F79EFBC}") = "ApiVersioning", "ApiVersioning\ApiVersioning.csproj", "{045C92D5-ECC2-45F5-8000-EE19616AF0BB}"
EndProject
Global
	GlobalSection(SolutionConfigurationPlatforms) = preSolution
		Debug|Any CPU = Debug|Any CPU
		Release|Any CPU = Release|Any CPU
	EndGlobalSection
	GlobalSection(ProjectConfigurationPlatforms) = postSolution
		{045C92D5-ECC2-45F5-8000-EE19616AF0BB}.Debug|Any CPU.ActiveCfg = Debug|Any CPU
		{045C92D5-ECC2-45F5-8000-EE19616AF0BB}.Debug|Any CPU.Build.0 = Debug|Any CPU
		{045C92D5-ECC2-45F5-8000-EE19616AF0BB}.Release|Any CPU.ActiveCfg = Release|Any CPU
		{045C92D5-ECC2-45F5-8000-EE19616AF0BB}.Release|Any CPU.Build.0 = Release|Any CPU
	EndGlobalSection
	GlobalSection(SolutionProperties) = preSolution
		HideSolutionNode = FALSE
	EndGlobalSection
	GlobalSection(ExtensibilityGlobals) = postSolution
		SolutionGuid = {A3C6306F-892F-4131-B84A-1CAF4A2E55E2}
	EndGlobalSection
EndGlobal
